// !$*UTF8*$!
{
	archiveVersion = 1;
	classes = {
	};
	objectVersion = 51;
	objects = {

/* Begin PBXBuildFile section */
		2CF8B3F9AB0C75E3C6F3D9C9 /* Pods_ClubHub.framework in Frameworks */ = {isa = PBXBuildFile; fileRef = 552E75E538248A9BECE71C98 /* Pods_ClubHub.framework */; };
		3ED006C904CDAFFE82D70477 /* Pods_ClubHub_ClubHubUITests.framework in Frameworks */ = {isa = PBXBuildFile; fileRef = 2A9A659D48040C4C5CCCE32A /* Pods_ClubHub_ClubHubUITests.framework */; };
		5014216D239DCF57008EC9CF /* PostViewController.swift in Sources */ = {isa = PBXBuildFile; fileRef = 5014216C239DCF57008EC9CF /* PostViewController.swift */; };
		5018F215239C921D00599B44 /* Strings.swift in Sources */ = {isa = PBXBuildFile; fileRef = 5018F214239C921D00599B44 /* Strings.swift */; };
		5018F217239C9DA700599B44 /* Test.swift in Sources */ = {isa = PBXBuildFile; fileRef = 5018F216239C9DA700599B44 /* Test.swift */; };
		5018F219239CA66700599B44 /* Error.swift in Sources */ = {isa = PBXBuildFile; fileRef = 5018F218239CA66700599B44 /* Error.swift */; };
		503EF723239DAE230011C3F4 /* PostsViewController.swift in Sources */ = {isa = PBXBuildFile; fileRef = 503EF721239DAE230011C3F4 /* PostsViewController.swift */; };
		503EF724239DAE230011C3F4 /* PostCollectionViewCell.swift in Sources */ = {isa = PBXBuildFile; fileRef = 503EF722239DAE230011C3F4 /* PostCollectionViewCell.swift */; };
		507D991A2398049300E1D542 /* Post.swift in Sources */ = {isa = PBXBuildFile; fileRef = 507D99192398049300E1D542 /* Post.swift */; };
		507D991C23980D0100E1D542 /* NetworkManager.swift in Sources */ = {isa = PBXBuildFile; fileRef = 507D991B23980D0100E1D542 /* NetworkManager.swift */; };
		50F0F936239898B900219D97 /* Club.swift in Sources */ = {isa = PBXBuildFile; fileRef = 50F0F935239898B900219D97 /* Club.swift */; };
		50F0F9382398A57A00219D97 /* User.swift in Sources */ = {isa = PBXBuildFile; fileRef = 50F0F9372398A57A00219D97 /* User.swift */; };
		95624238C000C002B6CA6928 /* Pods_ClubHubTests.framework in Frameworks */ = {isa = PBXBuildFile; fileRef = 43DEE9626E7135D937AD64DA /* Pods_ClubHubTests.framework */; };
		EF51A2A323878FC200D995C2 /* ClubCollectionViewCell.swift in Sources */ = {isa = PBXBuildFile; fileRef = EF51A2A223878FC200D995C2 /* ClubCollectionViewCell.swift */; };
		EF51A2A52388449400D995C2 /* FilterViewController.swift in Sources */ = {isa = PBXBuildFile; fileRef = EF51A2A42388449400D995C2 /* FilterViewController.swift */; };
		EFC08A1623847ACC003DF58D /* AppDelegate.swift in Sources */ = {isa = PBXBuildFile; fileRef = EFC08A1523847ACC003DF58D /* AppDelegate.swift */; };
		EFC08A1A23847ACC003DF58D /* ViewController.swift in Sources */ = {isa = PBXBuildFile; fileRef = EFC08A1923847ACC003DF58D /* ViewController.swift */; };
		EFC08A1F23847ADC003DF58D /* Assets.xcassets in Resources */ = {isa = PBXBuildFile; fileRef = EFC08A1E23847ADC003DF58D /* Assets.xcassets */; };
		EFC08A2223847ADC003DF58D /* LaunchScreen.storyboard in Resources */ = {isa = PBXBuildFile; fileRef = EFC08A2023847ADC003DF58D /* LaunchScreen.storyboard */; };
		EFC08A2D23847ADC003DF58D /* ClubHubTests.swift in Sources */ = {isa = PBXBuildFile; fileRef = EFC08A2C23847ADC003DF58D /* ClubHubTests.swift */; };
		EFC08A3823847ADC003DF58D /* ClubHubUITests.swift in Sources */ = {isa = PBXBuildFile; fileRef = EFC08A3723847ADC003DF58D /* ClubHubUITests.swift */; };
		FE9EF4BB239D7EFB005FE738 /* ProfileViewController.swift in Sources */ = {isa = PBXBuildFile; fileRef = FE9EF4BA239D7EFB005FE738 /* ProfileViewController.swift */; };
/* End PBXBuildFile section */

/* Begin PBXContainerItemProxy section */
		EFC08A2923847ADC003DF58D /* PBXContainerItemProxy */ = {
			isa = PBXContainerItemProxy;
			containerPortal = EFC08A0A23847ACC003DF58D /* Project object */;
			proxyType = 1;
			remoteGlobalIDString = EFC08A1123847ACC003DF58D;
			remoteInfo = ClubHub;
		};
		EFC08A3423847ADC003DF58D /* PBXContainerItemProxy */ = {
			isa = PBXContainerItemProxy;
			containerPortal = EFC08A0A23847ACC003DF58D /* Project object */;
			proxyType = 1;
			remoteGlobalIDString = EFC08A1123847ACC003DF58D;
			remoteInfo = ClubHub;
		};
/* End PBXContainerItemProxy section */

/* Begin PBXFileReference section */
		0AE1B713F373535C3552358B /* Pods-ClubHub.debug.xcconfig */ = {isa = PBXFileReference; includeInIndex = 1; lastKnownFileType = text.xcconfig; name = "Pods-ClubHub.debug.xcconfig"; path = "Target Support Files/Pods-ClubHub/Pods-ClubHub.debug.xcconfig"; sourceTree = "<group>"; };
		1578CF11E8FF891786C7D36E /* Pods-ClubHub-ClubHubUITests.debug.xcconfig */ = {isa = PBXFileReference; includeInIndex = 1; lastKnownFileType = text.xcconfig; name = "Pods-ClubHub-ClubHubUITests.debug.xcconfig"; path = "Target Support Files/Pods-ClubHub-ClubHubUITests/Pods-ClubHub-ClubHubUITests.debug.xcconfig"; sourceTree = "<group>"; };
		2A9A659D48040C4C5CCCE32A /* Pods_ClubHub_ClubHubUITests.framework */ = {isa = PBXFileReference; explicitFileType = wrapper.framework; includeInIndex = 0; path = Pods_ClubHub_ClubHubUITests.framework; sourceTree = BUILT_PRODUCTS_DIR; };
		2AAE2DD40B44256EE5553D68 /* Pods-ClubHubTests.release.xcconfig */ = {isa = PBXFileReference; includeInIndex = 1; lastKnownFileType = text.xcconfig; name = "Pods-ClubHubTests.release.xcconfig"; path = "Target Support Files/Pods-ClubHubTests/Pods-ClubHubTests.release.xcconfig"; sourceTree = "<group>"; };
		43DEE9626E7135D937AD64DA /* Pods_ClubHubTests.framework */ = {isa = PBXFileReference; explicitFileType = wrapper.framework; includeInIndex = 0; path = Pods_ClubHubTests.framework; sourceTree = BUILT_PRODUCTS_DIR; };
		5014216C239DCF57008EC9CF /* PostViewController.swift */ = {isa = PBXFileReference; lastKnownFileType = sourcecode.swift; path = PostViewController.swift; sourceTree = "<group>"; };
		5018F214239C921D00599B44 /* Strings.swift */ = {isa = PBXFileReference; lastKnownFileType = sourcecode.swift; path = Strings.swift; sourceTree = "<group>"; };
		5018F216239C9DA700599B44 /* Test.swift */ = {isa = PBXFileReference; lastKnownFileType = sourcecode.swift; path = Test.swift; sourceTree = "<group>"; };
		5018F218239CA66700599B44 /* Error.swift */ = {isa = PBXFileReference; lastKnownFileType = sourcecode.swift; path = Error.swift; sourceTree = "<group>"; };
		503EF721239DAE230011C3F4 /* PostsViewController.swift */ = {isa = PBXFileReference; fileEncoding = 4; lastKnownFileType = sourcecode.swift; path = PostsViewController.swift; sourceTree = "<group>"; };
		503EF722239DAE230011C3F4 /* PostCollectionViewCell.swift */ = {isa = PBXFileReference; fileEncoding = 4; lastKnownFileType = sourcecode.swift; path = PostCollectionViewCell.swift; sourceTree = "<group>"; };
		507D99192398049300E1D542 /* Post.swift */ = {isa = PBXFileReference; lastKnownFileType = sourcecode.swift; path = Post.swift; sourceTree = "<group>"; };
		507D991B23980D0100E1D542 /* NetworkManager.swift */ = {isa = PBXFileReference; lastKnownFileType = sourcecode.swift; path = NetworkManager.swift; sourceTree = "<group>"; };
		50F0F935239898B900219D97 /* Club.swift */ = {isa = PBXFileReference; lastKnownFileType = sourcecode.swift; path = Club.swift; sourceTree = "<group>"; };
		50F0F9372398A57A00219D97 /* User.swift */ = {isa = PBXFileReference; lastKnownFileType = sourcecode.swift; path = User.swift; sourceTree = "<group>"; };
		552E75E538248A9BECE71C98 /* Pods_ClubHub.framework */ = {isa = PBXFileReference; explicitFileType = wrapper.framework; includeInIndex = 0; path = Pods_ClubHub.framework; sourceTree = BUILT_PRODUCTS_DIR; };
		798D5AA08DD55168585A4187 /* Pods-ClubHubTests.debug.xcconfig */ = {isa = PBXFileReference; includeInIndex = 1; lastKnownFileType = text.xcconfig; name = "Pods-ClubHubTests.debug.xcconfig"; path = "Target Support Files/Pods-ClubHubTests/Pods-ClubHubTests.debug.xcconfig"; sourceTree = "<group>"; };
		CEE390B70AA1CAEFAC49A4E9 /* Pods-ClubHub.release.xcconfig */ = {isa = PBXFileReference; includeInIndex = 1; lastKnownFileType = text.xcconfig; name = "Pods-ClubHub.release.xcconfig"; path = "Target Support Files/Pods-ClubHub/Pods-ClubHub.release.xcconfig"; sourceTree = "<group>"; };
		EF51A2A223878FC200D995C2 /* ClubCollectionViewCell.swift */ = {isa = PBXFileReference; lastKnownFileType = sourcecode.swift; path = ClubCollectionViewCell.swift; sourceTree = "<group>"; };
		EF51A2A42388449400D995C2 /* FilterViewController.swift */ = {isa = PBXFileReference; lastKnownFileType = sourcecode.swift; path = FilterViewController.swift; sourceTree = "<group>"; };
		EF72B7A0E5912EC3651685B4 /* Pods-ClubHub-ClubHubUITests.release.xcconfig */ = {isa = PBXFileReference; includeInIndex = 1; lastKnownFileType = text.xcconfig; name = "Pods-ClubHub-ClubHubUITests.release.xcconfig"; path = "Target Support Files/Pods-ClubHub-ClubHubUITests/Pods-ClubHub-ClubHubUITests.release.xcconfig"; sourceTree = "<group>"; };
		EFC08A1223847ACC003DF58D /* ClubHub.app */ = {isa = PBXFileReference; explicitFileType = wrapper.application; includeInIndex = 0; path = ClubHub.app; sourceTree = BUILT_PRODUCTS_DIR; };
		EFC08A1523847ACC003DF58D /* AppDelegate.swift */ = {isa = PBXFileReference; lastKnownFileType = sourcecode.swift; path = AppDelegate.swift; sourceTree = "<group>"; };
		EFC08A1923847ACC003DF58D /* ViewController.swift */ = {isa = PBXFileReference; lastKnownFileType = sourcecode.swift; path = ViewController.swift; sourceTree = "<group>"; };
		EFC08A1E23847ADC003DF58D /* Assets.xcassets */ = {isa = PBXFileReference; lastKnownFileType = folder.assetcatalog; path = Assets.xcassets; sourceTree = "<group>"; };
		EFC08A2123847ADC003DF58D /* Base */ = {isa = PBXFileReference; lastKnownFileType = file.storyboard; name = Base; path = Base.lproj/LaunchScreen.storyboard; sourceTree = "<group>"; };
		EFC08A2323847ADC003DF58D /* Info.plist */ = {isa = PBXFileReference; lastKnownFileType = text.plist.xml; path = Info.plist; sourceTree = "<group>"; };
		EFC08A2823847ADC003DF58D /* ClubHubTests.xctest */ = {isa = PBXFileReference; explicitFileType = wrapper.cfbundle; includeInIndex = 0; path = ClubHubTests.xctest; sourceTree = BUILT_PRODUCTS_DIR; };
		EFC08A2C23847ADC003DF58D /* ClubHubTests.swift */ = {isa = PBXFileReference; lastKnownFileType = sourcecode.swift; path = ClubHubTests.swift; sourceTree = "<group>"; };
		EFC08A2E23847ADC003DF58D /* Info.plist */ = {isa = PBXFileReference; lastKnownFileType = text.plist.xml; path = Info.plist; sourceTree = "<group>"; };
		EFC08A3323847ADC003DF58D /* ClubHubUITests.xctest */ = {isa = PBXFileReference; explicitFileType = wrapper.cfbundle; includeInIndex = 0; path = ClubHubUITests.xctest; sourceTree = BUILT_PRODUCTS_DIR; };
		EFC08A3723847ADC003DF58D /* ClubHubUITests.swift */ = {isa = PBXFileReference; lastKnownFileType = sourcecode.swift; path = ClubHubUITests.swift; sourceTree = "<group>"; };
		EFC08A3923847ADC003DF58D /* Info.plist */ = {isa = PBXFileReference; lastKnownFileType = text.plist.xml; path = Info.plist; sourceTree = "<group>"; };
		FE9EF4BA239D7EFB005FE738 /* ProfileViewController.swift */ = {isa = PBXFileReference; lastKnownFileType = sourcecode.swift; path = ProfileViewController.swift; sourceTree = "<group>"; };
/* End PBXFileReference section */

/* Begin PBXFrameworksBuildPhase section */
		EFC08A0F23847ACC003DF58D /* Frameworks */ = {
			isa = PBXFrameworksBuildPhase;
			buildActionMask = 2147483647;
			files = (
				2CF8B3F9AB0C75E3C6F3D9C9 /* Pods_ClubHub.framework in Frameworks */,
			);
			runOnlyForDeploymentPostprocessing = 0;
		};
		EFC08A2523847ADC003DF58D /* Frameworks */ = {
			isa = PBXFrameworksBuildPhase;
			buildActionMask = 2147483647;
			files = (
				95624238C000C002B6CA6928 /* Pods_ClubHubTests.framework in Frameworks */,
			);
			runOnlyForDeploymentPostprocessing = 0;
		};
		EFC08A3023847ADC003DF58D /* Frameworks */ = {
			isa = PBXFrameworksBuildPhase;
			buildActionMask = 2147483647;
			files = (
				3ED006C904CDAFFE82D70477 /* Pods_ClubHub_ClubHubUITests.framework in Frameworks */,
			);
			runOnlyForDeploymentPostprocessing = 0;
		};
/* End PBXFrameworksBuildPhase section */

/* Begin PBXGroup section */
		43CA65F4904EBF7034C4A0D1 /* Pods */ = {
			isa = PBXGroup;
			children = (
				0AE1B713F373535C3552358B /* Pods-ClubHub.debug.xcconfig */,
				CEE390B70AA1CAEFAC49A4E9 /* Pods-ClubHub.release.xcconfig */,
				1578CF11E8FF891786C7D36E /* Pods-ClubHub-ClubHubUITests.debug.xcconfig */,
				EF72B7A0E5912EC3651685B4 /* Pods-ClubHub-ClubHubUITests.release.xcconfig */,
				798D5AA08DD55168585A4187 /* Pods-ClubHubTests.debug.xcconfig */,
				2AAE2DD40B44256EE5553D68 /* Pods-ClubHubTests.release.xcconfig */,
			);
			path = Pods;
			sourceTree = "<group>";
		};
		99CA0A8CF325AD21838ADCE8 /* Frameworks */ = {
			isa = PBXGroup;
			children = (
				552E75E538248A9BECE71C98 /* Pods_ClubHub.framework */,
				2A9A659D48040C4C5CCCE32A /* Pods_ClubHub_ClubHubUITests.framework */,
				43DEE9626E7135D937AD64DA /* Pods_ClubHubTests.framework */,
			);
			name = Frameworks;
			sourceTree = "<group>";
		};
		EFC08A0923847ACC003DF58D = {
			isa = PBXGroup;
			children = (
				EFC08A1423847ACC003DF58D /* ClubHub */,
				EFC08A2B23847ADC003DF58D /* ClubHubTests */,
				EFC08A3623847ADC003DF58D /* ClubHubUITests */,
				EFC08A1323847ACC003DF58D /* Products */,
				43CA65F4904EBF7034C4A0D1 /* Pods */,
				99CA0A8CF325AD21838ADCE8 /* Frameworks */,
			);
			sourceTree = "<group>";
		};
		EFC08A1323847ACC003DF58D /* Products */ = {
			isa = PBXGroup;
			children = (
				EFC08A1223847ACC003DF58D /* ClubHub.app */,
				EFC08A2823847ADC003DF58D /* ClubHubTests.xctest */,
				EFC08A3323847ADC003DF58D /* ClubHubUITests.xctest */,
			);
			name = Products;
			sourceTree = "<group>";
		};
		EFC08A1423847ACC003DF58D /* ClubHub */ = {
			isa = PBXGroup;
			children = (
				503EF722239DAE230011C3F4 /* PostCollectionViewCell.swift */,
				5014216C239DCF57008EC9CF /* PostViewController.swift */,
				503EF721239DAE230011C3F4 /* PostsViewController.swift */,
				507D99192398049300E1D542 /* Post.swift */,
				50F0F935239898B900219D97 /* Club.swift */,
				5018F218239CA66700599B44 /* Error.swift */,
				50F0F9372398A57A00219D97 /* User.swift */,
				507D991B23980D0100E1D542 /* NetworkManager.swift */,
				EFC08A1523847ACC003DF58D /* AppDelegate.swift */,
				EF51A2A42388449400D995C2 /* FilterViewController.swift */,
				EFC08A1923847ACC003DF58D /* ViewController.swift */,
				EF51A2A223878FC200D995C2 /* ClubCollectionViewCell.swift */,
				EFC08A1E23847ADC003DF58D /* Assets.xcassets */,
				EFC08A2023847ADC003DF58D /* LaunchScreen.storyboard */,
				EFC08A2323847ADC003DF58D /* Info.plist */,
				5018F214239C921D00599B44 /* Strings.swift */,
				5018F216239C9DA700599B44 /* Test.swift */,
				FE9EF4BA239D7EFB005FE738 /* ProfileViewController.swift */,
			);
			path = ClubHub;
			sourceTree = "<group>";
		};
		EFC08A2B23847ADC003DF58D /* ClubHubTests */ = {
			isa = PBXGroup;
			children = (
				EFC08A2C23847ADC003DF58D /* ClubHubTests.swift */,
				EFC08A2E23847ADC003DF58D /* Info.plist */,
			);
			path = ClubHubTests;
			sourceTree = "<group>";
		};
		EFC08A3623847ADC003DF58D /* ClubHubUITests */ = {
			isa = PBXGroup;
			children = (
				EFC08A3723847ADC003DF58D /* ClubHubUITests.swift */,
				EFC08A3923847ADC003DF58D /* Info.plist */,
			);
			path = ClubHubUITests;
			sourceTree = "<group>";
		};
/* End PBXGroup section */

/* Begin PBXNativeTarget section */
		EFC08A1123847ACC003DF58D /* ClubHub */ = {
			isa = PBXNativeTarget;
			buildConfigurationList = EFC08A3C23847ADC003DF58D /* Build configuration list for PBXNativeTarget "ClubHub" */;
			buildPhases = (
				70DD04D7568CEE944A48AFD1 /* [CP] Check Pods Manifest.lock */,
				EFC08A0E23847ACC003DF58D /* Sources */,
				EFC08A0F23847ACC003DF58D /* Frameworks */,
				EFC08A1023847ACC003DF58D /* Resources */,
				45673F8CEEE8C669A7767D22 /* [CP] Embed Pods Frameworks */,
			);
			buildRules = (
			);
			dependencies = (
			);
			name = ClubHub;
			productName = ClubHub;
			productReference = EFC08A1223847ACC003DF58D /* ClubHub.app */;
			productType = "com.apple.product-type.application";
		};
		EFC08A2723847ADC003DF58D /* ClubHubTests */ = {
			isa = PBXNativeTarget;
			buildConfigurationList = EFC08A3F23847ADC003DF58D /* Build configuration list for PBXNativeTarget "ClubHubTests" */;
			buildPhases = (
				AF096E60198A017B53FC3F48 /* [CP] Check Pods Manifest.lock */,
				EFC08A2423847ADC003DF58D /* Sources */,
				EFC08A2523847ADC003DF58D /* Frameworks */,
				EFC08A2623847ADC003DF58D /* Resources */,
			);
			buildRules = (
			);
			dependencies = (
				EFC08A2A23847ADC003DF58D /* PBXTargetDependency */,
			);
			name = ClubHubTests;
			productName = ClubHubTests;
			productReference = EFC08A2823847ADC003DF58D /* ClubHubTests.xctest */;
			productType = "com.apple.product-type.bundle.unit-test";
		};
		EFC08A3223847ADC003DF58D /* ClubHubUITests */ = {
			isa = PBXNativeTarget;
			buildConfigurationList = EFC08A4223847ADC003DF58D /* Build configuration list for PBXNativeTarget "ClubHubUITests" */;
			buildPhases = (
				66E5766D8A7BA21079C21C5A /* [CP] Check Pods Manifest.lock */,
				EFC08A2F23847ADC003DF58D /* Sources */,
				EFC08A3023847ADC003DF58D /* Frameworks */,
				EFC08A3123847ADC003DF58D /* Resources */,
				2A7958F7A27F402F2530AA12 /* [CP] Embed Pods Frameworks */,
			);
			buildRules = (
			);
			dependencies = (
				EFC08A3523847ADC003DF58D /* PBXTargetDependency */,
			);
			name = ClubHubUITests;
			productName = ClubHubUITests;
			productReference = EFC08A3323847ADC003DF58D /* ClubHubUITests.xctest */;
			productType = "com.apple.product-type.bundle.ui-testing";
		};
/* End PBXNativeTarget section */

/* Begin PBXProject section */
		EFC08A0A23847ACC003DF58D /* Project object */ = {
			isa = PBXProject;
			attributes = {
				LastSwiftUpdateCheck = 1100;
				LastUpgradeCheck = 1100;
				ORGANIZATIONNAME = "Rochelle Kris";
				TargetAttributes = {
					EFC08A1123847ACC003DF58D = {
						CreatedOnToolsVersion = 11.0;
					};
					EFC08A2723847ADC003DF58D = {
						CreatedOnToolsVersion = 11.0;
						TestTargetID = EFC08A1123847ACC003DF58D;
					};
					EFC08A3223847ADC003DF58D = {
						CreatedOnToolsVersion = 11.0;
						TestTargetID = EFC08A1123847ACC003DF58D;
					};
				};
			};
			buildConfigurationList = EFC08A0D23847ACC003DF58D /* Build configuration list for PBXProject "ClubHub" */;
			compatibilityVersion = "Xcode 9.3";
			developmentRegion = en;
			hasScannedForEncodings = 0;
			knownRegions = (
				en,
				Base,
			);
			mainGroup = EFC08A0923847ACC003DF58D;
			productRefGroup = EFC08A1323847ACC003DF58D /* Products */;
			projectDirPath = "";
			projectRoot = "";
			targets = (
				EFC08A1123847ACC003DF58D /* ClubHub */,
				EFC08A2723847ADC003DF58D /* ClubHubTests */,
				EFC08A3223847ADC003DF58D /* ClubHubUITests */,
			);
		};
/* End PBXProject section */

/* Begin PBXResourcesBuildPhase section */
		EFC08A1023847ACC003DF58D /* Resources */ = {
			isa = PBXResourcesBuildPhase;
			buildActionMask = 2147483647;
			files = (
				EFC08A2223847ADC003DF58D /* LaunchScreen.storyboard in Resources */,
				EFC08A1F23847ADC003DF58D /* Assets.xcassets in Resources */,
			);
			runOnlyForDeploymentPostprocessing = 0;
		};
		EFC08A2623847ADC003DF58D /* Resources */ = {
			isa = PBXResourcesBuildPhase;
			buildActionMask = 2147483647;
			files = (
			);
			runOnlyForDeploymentPostprocessing = 0;
		};
		EFC08A3123847ADC003DF58D /* Resources */ = {
			isa = PBXResourcesBuildPhase;
			buildActionMask = 2147483647;
			files = (
			);
			runOnlyForDeploymentPostprocessing = 0;
		};
/* End PBXResourcesBuildPhase section */

/* Begin PBXShellScriptBuildPhase section */
		2A7958F7A27F402F2530AA12 /* [CP] Embed Pods Frameworks */ = {
			isa = PBXShellScriptBuildPhase;
			buildActionMask = 2147483647;
			files = (
			);
			inputFileListPaths = (
				"${PODS_ROOT}/Target Support Files/Pods-ClubHub-ClubHubUITests/Pods-ClubHub-ClubHubUITests-frameworks-${CONFIGURATION}-input-files.xcfilelist",
			);
			name = "[CP] Embed Pods Frameworks";
			outputFileListPaths = (
				"${PODS_ROOT}/Target Support Files/Pods-ClubHub-ClubHubUITests/Pods-ClubHub-ClubHubUITests-frameworks-${CONFIGURATION}-output-files.xcfilelist",
			);
			runOnlyForDeploymentPostprocessing = 0;
			shellPath = /bin/sh;
			shellScript = "\"${PODS_ROOT}/Target Support Files/Pods-ClubHub-ClubHubUITests/Pods-ClubHub-ClubHubUITests-frameworks.sh\"\n";
			showEnvVarsInLog = 0;
		};
		45673F8CEEE8C669A7767D22 /* [CP] Embed Pods Frameworks */ = {
			isa = PBXShellScriptBuildPhase;
			buildActionMask = 2147483647;
			files = (
			);
			inputFileListPaths = (
				"${PODS_ROOT}/Target Support Files/Pods-ClubHub/Pods-ClubHub-frameworks-${CONFIGURATION}-input-files.xcfilelist",
			);
			name = "[CP] Embed Pods Frameworks";
			outputFileListPaths = (
				"${PODS_ROOT}/Target Support Files/Pods-ClubHub/Pods-ClubHub-frameworks-${CONFIGURATION}-output-files.xcfilelist",
			);
			runOnlyForDeploymentPostprocessing = 0;
			shellPath = /bin/sh;
			shellScript = "\"${PODS_ROOT}/Target Support Files/Pods-ClubHub/Pods-ClubHub-frameworks.sh\"\n";
			showEnvVarsInLog = 0;
		};
		66E5766D8A7BA21079C21C5A /* [CP] Check Pods Manifest.lock */ = {
			isa = PBXShellScriptBuildPhase;
			buildActionMask = 2147483647;
			files = (
			);
			inputFileListPaths = (
			);
			inputPaths = (
				"${PODS_PODFILE_DIR_PATH}/Podfile.lock",
				"${PODS_ROOT}/Manifest.lock",
			);
			name = "[CP] Check Pods Manifest.lock";
			outputFileListPaths = (
			);
			outputPaths = (
				"$(DERIVED_FILE_DIR)/Pods-ClubHub-ClubHubUITests-checkManifestLockResult.txt",
			);
			runOnlyForDeploymentPostprocessing = 0;
			shellPath = /bin/sh;
			shellScript = "diff \"${PODS_PODFILE_DIR_PATH}/Podfile.lock\" \"${PODS_ROOT}/Manifest.lock\" > /dev/null\nif [ $? != 0 ] ; then\n    # print error to STDERR\n    echo \"error: The sandbox is not in sync with the Podfile.lock. Run 'pod install' or update your CocoaPods installation.\" >&2\n    exit 1\nfi\n# This output is used by Xcode 'outputs' to avoid re-running this script phase.\necho \"SUCCESS\" > \"${SCRIPT_OUTPUT_FILE_0}\"\n";
			showEnvVarsInLog = 0;
		};
		70DD04D7568CEE944A48AFD1 /* [CP] Check Pods Manifest.lock */ = {
			isa = PBXShellScriptBuildPhase;
			buildActionMask = 2147483647;
			files = (
			);
			inputFileListPaths = (
			);
			inputPaths = (
				"${PODS_PODFILE_DIR_PATH}/Podfile.lock",
				"${PODS_ROOT}/Manifest.lock",
			);
			name = "[CP] Check Pods Manifest.lock";
			outputFileListPaths = (
			);
			outputPaths = (
				"$(DERIVED_FILE_DIR)/Pods-ClubHub-checkManifestLockResult.txt",
			);
			runOnlyForDeploymentPostprocessing = 0;
			shellPath = /bin/sh;
			shellScript = "diff \"${PODS_PODFILE_DIR_PATH}/Podfile.lock\" \"${PODS_ROOT}/Manifest.lock\" > /dev/null\nif [ $? != 0 ] ; then\n    # print error to STDERR\n    echo \"error: The sandbox is not in sync with the Podfile.lock. Run 'pod install' or update your CocoaPods installation.\" >&2\n    exit 1\nfi\n# This output is used by Xcode 'outputs' to avoid re-running this script phase.\necho \"SUCCESS\" > \"${SCRIPT_OUTPUT_FILE_0}\"\n";
			showEnvVarsInLog = 0;
		};
		AF096E60198A017B53FC3F48 /* [CP] Check Pods Manifest.lock */ = {
			isa = PBXShellScriptBuildPhase;
			buildActionMask = 2147483647;
			files = (
			);
			inputFileListPaths = (
			);
			inputPaths = (
				"${PODS_PODFILE_DIR_PATH}/Podfile.lock",
				"${PODS_ROOT}/Manifest.lock",
			);
			name = "[CP] Check Pods Manifest.lock";
			outputFileListPaths = (
			);
			outputPaths = (
				"$(DERIVED_FILE_DIR)/Pods-ClubHubTests-checkManifestLockResult.txt",
			);
			runOnlyForDeploymentPostprocessing = 0;
			shellPath = /bin/sh;
			shellScript = "diff \"${PODS_PODFILE_DIR_PATH}/Podfile.lock\" \"${PODS_ROOT}/Manifest.lock\" > /dev/null\nif [ $? != 0 ] ; then\n    # print error to STDERR\n    echo \"error: The sandbox is not in sync with the Podfile.lock. Run 'pod install' or update your CocoaPods installation.\" >&2\n    exit 1\nfi\n# This output is used by Xcode 'outputs' to avoid re-running this script phase.\necho \"SUCCESS\" > \"${SCRIPT_OUTPUT_FILE_0}\"\n";
			showEnvVarsInLog = 0;
		};
/* End PBXShellScriptBuildPhase section */

/* Begin PBXSourcesBuildPhase section */
		EFC08A0E23847ACC003DF58D /* Sources */ = {
			isa = PBXSourcesBuildPhase;
			buildActionMask = 2147483647;
			files = (
				507D991C23980D0100E1D542 /* NetworkManager.swift in Sources */,
				5018F215239C921D00599B44 /* Strings.swift in Sources */,
				50F0F936239898B900219D97 /* Club.swift in Sources */,
				5018F219239CA66700599B44 /* Error.swift in Sources */,
				EF51A2A323878FC200D995C2 /* ClubCollectionViewCell.swift in Sources */,
				EFC08A1A23847ACC003DF58D /* ViewController.swift in Sources */,
				FE9EF4BB239D7EFB005FE738 /* ProfileViewController.swift in Sources */,
				503EF723239DAE230011C3F4 /* PostsViewController.swift in Sources */,
				50F0F9382398A57A00219D97 /* User.swift in Sources */,
				5014216D239DCF57008EC9CF /* PostViewController.swift in Sources */,
				507D991A2398049300E1D542 /* Post.swift in Sources */,
				5018F217239C9DA700599B44 /* Test.swift in Sources */,
				EFC08A1623847ACC003DF58D /* AppDelegate.swift in Sources */,
				503EF724239DAE230011C3F4 /* PostCollectionViewCell.swift in Sources */,
				EF51A2A52388449400D995C2 /* FilterViewController.swift in Sources */,
			);
			runOnlyForDeploymentPostprocessing = 0;
		};
		EFC08A2423847ADC003DF58D /* Sources */ = {
			isa = PBXSourcesBuildPhase;
			buildActionMask = 2147483647;
			files = (
				EFC08A2D23847ADC003DF58D /* ClubHubTests.swift in Sources */,
			);
			runOnlyForDeploymentPostprocessing = 0;
		};
		EFC08A2F23847ADC003DF58D /* Sources */ = {
			isa = PBXSourcesBuildPhase;
			buildActionMask = 2147483647;
			files = (
				EFC08A3823847ADC003DF58D /* ClubHubUITests.swift in Sources */,
			);
			runOnlyForDeploymentPostprocessing = 0;
		};
/* End PBXSourcesBuildPhase section */

/* Begin PBXTargetDependency section */
		EFC08A2A23847ADC003DF58D /* PBXTargetDependency */ = {
			isa = PBXTargetDependency;
			target = EFC08A1123847ACC003DF58D /* ClubHub */;
			targetProxy = EFC08A2923847ADC003DF58D /* PBXContainerItemProxy */;
		};
		EFC08A3523847ADC003DF58D /* PBXTargetDependency */ = {
			isa = PBXTargetDependency;
			target = EFC08A1123847ACC003DF58D /* ClubHub */;
			targetProxy = EFC08A3423847ADC003DF58D /* PBXContainerItemProxy */;
		};
/* End PBXTargetDependency section */

/* Begin PBXVariantGroup section */
		EFC08A2023847ADC003DF58D /* LaunchScreen.storyboard */ = {
			isa = PBXVariantGroup;
			children = (
				EFC08A2123847ADC003DF58D /* Base */,
			);
			name = LaunchScreen.storyboard;
			sourceTree = "<group>";
		};
/* End PBXVariantGroup section */

/* Begin XCBuildConfiguration section */
		EFC08A3A23847ADC003DF58D /* Debug */ = {
			isa = XCBuildConfiguration;
			buildSettings = {
				ALWAYS_SEARCH_USER_PATHS = NO;
				CLANG_ANALYZER_NONNULL = YES;
				CLANG_ANALYZER_NUMBER_OBJECT_CONVERSION = YES_AGGRESSIVE;
				CLANG_CXX_LANGUAGE_STANDARD = "gnu++14";
				CLANG_CXX_LIBRARY = "libc++";
				CLANG_ENABLE_MODULES = YES;
				CLANG_ENABLE_OBJC_ARC = YES;
				CLANG_ENABLE_OBJC_WEAK = YES;
				CLANG_WARN_BLOCK_CAPTURE_AUTORELEASING = YES;
				CLANG_WARN_BOOL_CONVERSION = YES;
				CLANG_WARN_COMMA = YES;
				CLANG_WARN_CONSTANT_CONVERSION = YES;
				CLANG_WARN_DEPRECATED_OBJC_IMPLEMENTATIONS = YES;
				CLANG_WARN_DIRECT_OBJC_ISA_USAGE = YES_ERROR;
				CLANG_WARN_DOCUMENTATION_COMMENTS = YES;
				CLANG_WARN_EMPTY_BODY = YES;
				CLANG_WARN_ENUM_CONVERSION = YES;
				CLANG_WARN_INFINITE_RECURSION = YES;
				CLANG_WARN_INT_CONVERSION = YES;
				CLANG_WARN_NON_LITERAL_NULL_CONVERSION = YES;
				CLANG_WARN_OBJC_IMPLICIT_RETAIN_SELF = YES;
				CLANG_WARN_OBJC_LITERAL_CONVERSION = YES;
				CLANG_WARN_OBJC_ROOT_CLASS = YES_ERROR;
				CLANG_WARN_RANGE_LOOP_ANALYSIS = YES;
				CLANG_WARN_STRICT_PROTOTYPES = YES;
				CLANG_WARN_SUSPICIOUS_MOVE = YES;
				CLANG_WARN_UNGUARDED_AVAILABILITY = YES_AGGRESSIVE;
				CLANG_WARN_UNREACHABLE_CODE = YES;
				CLANG_WARN__DUPLICATE_METHOD_MATCH = YES;
				COPY_PHASE_STRIP = NO;
				DEBUG_INFORMATION_FORMAT = dwarf;
				ENABLE_STRICT_OBJC_MSGSEND = YES;
				ENABLE_TESTABILITY = YES;
				GCC_C_LANGUAGE_STANDARD = gnu11;
				GCC_DYNAMIC_NO_PIC = NO;
				GCC_NO_COMMON_BLOCKS = YES;
				GCC_OPTIMIZATION_LEVEL = 0;
				GCC_PREPROCESSOR_DEFINITIONS = (
					"DEBUG=1",
					"$(inherited)",
				);
				GCC_WARN_64_TO_32_BIT_CONVERSION = YES;
				GCC_WARN_ABOUT_RETURN_TYPE = YES_ERROR;
				GCC_WARN_UNDECLARED_SELECTOR = YES;
				GCC_WARN_UNINITIALIZED_AUTOS = YES_AGGRESSIVE;
				GCC_WARN_UNUSED_FUNCTION = YES;
				GCC_WARN_UNUSED_VARIABLE = YES;
				IPHONEOS_DEPLOYMENT_TARGET = 13.0;
				MTL_ENABLE_DEBUG_INFO = INCLUDE_SOURCE;
				MTL_FAST_MATH = YES;
				ONLY_ACTIVE_ARCH = YES;
				SDKROOT = iphoneos;
				SWIFT_ACTIVE_COMPILATION_CONDITIONS = DEBUG;
				SWIFT_OPTIMIZATION_LEVEL = "-Onone";
			};
			name = Debug;
		};
		EFC08A3B23847ADC003DF58D /* Release */ = {
			isa = XCBuildConfiguration;
			buildSettings = {
				ALWAYS_SEARCH_USER_PATHS = NO;
				CLANG_ANALYZER_NONNULL = YES;
				CLANG_ANALYZER_NUMBER_OBJECT_CONVERSION = YES_AGGRESSIVE;
				CLANG_CXX_LANGUAGE_STANDARD = "gnu++14";
				CLANG_CXX_LIBRARY = "libc++";
				CLANG_ENABLE_MODULES = YES;
				CLANG_ENABLE_OBJC_ARC = YES;
				CLANG_ENABLE_OBJC_WEAK = YES;
				CLANG_WARN_BLOCK_CAPTURE_AUTORELEASING = YES;
				CLANG_WARN_BOOL_CONVERSION = YES;
				CLANG_WARN_COMMA = YES;
				CLANG_WARN_CONSTANT_CONVERSION = YES;
				CLANG_WARN_DEPRECATED_OBJC_IMPLEMENTATIONS = YES;
				CLANG_WARN_DIRECT_OBJC_ISA_USAGE = YES_ERROR;
				CLANG_WARN_DOCUMENTATION_COMMENTS = YES;
				CLANG_WARN_EMPTY_BODY = YES;
				CLANG_WARN_ENUM_CONVERSION = YES;
				CLANG_WARN_INFINITE_RECURSION = YES;
				CLANG_WARN_INT_CONVERSION = YES;
				CLANG_WARN_NON_LITERAL_NULL_CONVERSION = YES;
				CLANG_WARN_OBJC_IMPLICIT_RETAIN_SELF = YES;
				CLANG_WARN_OBJC_LITERAL_CONVERSION = YES;
				CLANG_WARN_OBJC_ROOT_CLASS = YES_ERROR;
				CLANG_WARN_RANGE_LOOP_ANALYSIS = YES;
				CLANG_WARN_STRICT_PROTOTYPES = YES;
				CLANG_WARN_SUSPICIOUS_MOVE = YES;
				CLANG_WARN_UNGUARDED_AVAILABILITY = YES_AGGRESSIVE;
				CLANG_WARN_UNREACHABLE_CODE = YES;
				CLANG_WARN__DUPLICATE_METHOD_MATCH = YES;
				COPY_PHASE_STRIP = NO;
				DEBUG_INFORMATION_FORMAT = "dwarf-with-dsym";
				ENABLE_NS_ASSERTIONS = NO;
				ENABLE_STRICT_OBJC_MSGSEND = YES;
				GCC_C_LANGUAGE_STANDARD = gnu11;
				GCC_NO_COMMON_BLOCKS = YES;
				GCC_WARN_64_TO_32_BIT_CONVERSION = YES;
				GCC_WARN_ABOUT_RETURN_TYPE = YES_ERROR;
				GCC_WARN_UNDECLARED_SELECTOR = YES;
				GCC_WARN_UNINITIALIZED_AUTOS = YES_AGGRESSIVE;
				GCC_WARN_UNUSED_FUNCTION = YES;
				GCC_WARN_UNUSED_VARIABLE = YES;
				IPHONEOS_DEPLOYMENT_TARGET = 13.0;
				MTL_ENABLE_DEBUG_INFO = NO;
				MTL_FAST_MATH = YES;
				SDKROOT = iphoneos;
				SWIFT_COMPILATION_MODE = wholemodule;
				SWIFT_OPTIMIZATION_LEVEL = "-O";
				VALIDATE_PRODUCT = YES;
			};
			name = Release;
		};
		EFC08A3D23847ADC003DF58D /* Debug */ = {
			isa = XCBuildConfiguration;
			baseConfigurationReference = 0AE1B713F373535C3552358B /* Pods-ClubHub.debug.xcconfig */;
			buildSettings = {
				ASSETCATALOG_COMPILER_APPICON_NAME = AppIcon;
				CODE_SIGN_STYLE = Automatic;
				INFOPLIST_FILE = ClubHub/Info.plist;
				LD_RUNPATH_SEARCH_PATHS = (
					"$(inherited)",
					"@executable_path/Frameworks",
				);
				PRODUCT_BUNDLE_IDENTIFIER = rhk79.ClubHub;
				PRODUCT_NAME = "$(TARGET_NAME)";
				SWIFT_VERSION = 5.0;
				TARGETED_DEVICE_FAMILY = "1,2";
			};
			name = Debug;
		};
		EFC08A3E23847ADC003DF58D /* Release */ = {
			isa = XCBuildConfiguration;
			baseConfigurationReference = CEE390B70AA1CAEFAC49A4E9 /* Pods-ClubHub.release.xcconfig */;
			buildSettings = {
				ASSETCATALOG_COMPILER_APPICON_NAME = AppIcon;
				CODE_SIGN_STYLE = Automatic;
				INFOPLIST_FILE = ClubHub/Info.plist;
				LD_RUNPATH_SEARCH_PATHS = (
					"$(inherited)",
					"@executable_path/Frameworks",
				);
				PRODUCT_BUNDLE_IDENTIFIER = rhk79.ClubHub;
				PRODUCT_NAME = "$(TARGET_NAME)";
				SWIFT_VERSION = 5.0;
				TARGETED_DEVICE_FAMILY = "1,2";
			};
			name = Release;
		};
		EFC08A4023847ADC003DF58D /* Debug */ = {
			isa = XCBuildConfiguration;
			baseConfigurationReference = 798D5AA08DD55168585A4187 /* Pods-ClubHubTests.debug.xcconfig */;
			buildSettings = {
				ALWAYS_EMBED_SWIFT_STANDARD_LIBRARIES = YES;
				BUNDLE_LOADER = "$(TEST_HOST)";
				CODE_SIGN_STYLE = Automatic;
				INFOPLIST_FILE = ClubHubTests/Info.plist;
				IPHONEOS_DEPLOYMENT_TARGET = 13.0;
				LD_RUNPATH_SEARCH_PATHS = (
					"$(inherited)",
					"@executable_path/Frameworks",
					"@loader_path/Frameworks",
				);
				PRODUCT_BUNDLE_IDENTIFIER = rhk79.ClubHubTests;
				PRODUCT_NAME = "$(TARGET_NAME)";
				SWIFT_VERSION = 5.0;
				TARGETED_DEVICE_FAMILY = "1,2";
				TEST_HOST = "$(BUILT_PRODUCTS_DIR)/ClubHub.app/ClubHub";
			};
			name = Debug;
		};
		EFC08A4123847ADC003DF58D /* Release */ = {
			isa = XCBuildConfiguration;
			baseConfigurationReference = 2AAE2DD40B44256EE5553D68 /* Pods-ClubHubTests.release.xcconfig */;
			buildSettings = {
				ALWAYS_EMBED_SWIFT_STANDARD_LIBRARIES = YES;
				BUNDLE_LOADER = "$(TEST_HOST)";
				CODE_SIGN_STYLE = Automatic;
				INFOPLIST_FILE = ClubHubTests/Info.plist;
				IPHONEOS_DEPLOYMENT_TARGET = 13.0;
				LD_RUNPATH_SEARCH_PATHS = (
					"$(inherited)",
					"@executable_path/Frameworks",
					"@loader_path/Frameworks",
				);
				PRODUCT_BUNDLE_IDENTIFIER = rhk79.ClubHubTests;
				PRODUCT_NAME = "$(TARGET_NAME)";
				SWIFT_VERSION = 5.0;
				TARGETED_DEVICE_FAMILY = "1,2";
				TEST_HOST = "$(BUILT_PRODUCTS_DIR)/ClubHub.app/ClubHub";
			};
			name = Release;
		};
		EFC08A4323847ADC003DF58D /* Debug */ = {
			isa = XCBuildConfiguration;
			baseConfigurationReference = 1578CF11E8FF891786C7D36E /* Pods-ClubHub-ClubHubUITests.debug.xcconfig */;
			buildSettings = {
				ALWAYS_EMBED_SWIFT_STANDARD_LIBRARIES = YES;
				CODE_SIGN_STYLE = Automatic;
				INFOPLIST_FILE = ClubHubUITests/Info.plist;
				LD_RUNPATH_SEARCH_PATHS = (
					"$(inherited)",
					"@executable_path/Frameworks",
					"@loader_path/Frameworks",
				);
				PRODUCT_BUNDLE_IDENTIFIER = rhk79.ClubHubUITests;
				PRODUCT_NAME = "$(TARGET_NAME)";
				SWIFT_VERSION = 5.0;
				TARGETED_DEVICE_FAMILY = "1,2";
				TEST_TARGET_NAME = ClubHub;
			};
			name = Debug;
		};
		EFC08A4423847ADC003DF58D /* Release */ = {
			isa = XCBuildConfiguration;
			baseConfigurationReference = EF72B7A0E5912EC3651685B4 /* Pods-ClubHub-ClubHubUITests.release.xcconfig */;
			buildSettings = {
				ALWAYS_EMBED_SWIFT_STANDARD_LIBRARIES = YES;
				CODE_SIGN_STYLE = Automatic;
				INFOPLIST_FILE = ClubHubUITests/Info.plist;
				LD_RUNPATH_SEARCH_PATHS = (
					"$(inherited)",
					"@executable_path/Frameworks",
					"@loader_path/Frameworks",
				);
				PRODUCT_BUNDLE_IDENTIFIER = rhk79.ClubHubUITests;
				PRODUCT_NAME = "$(TARGET_NAME)";
				SWIFT_VERSION = 5.0;
				TARGETED_DEVICE_FAMILY = "1,2";
				TEST_TARGET_NAME = ClubHub;
			};
			name = Release;
		};
/* End XCBuildConfiguration section */

/* Begin XCConfigurationList section */
		EFC08A0D23847ACC003DF58D /* Build configuration list for PBXProject "ClubHub" */ = {
			isa = XCConfigurationList;
			buildConfigurations = (
				EFC08A3A23847ADC003DF58D /* Debug */,
				EFC08A3B23847ADC003DF58D /* Release */,
			);
			defaultConfigurationIsVisible = 0;
			defaultConfigurationName = Release;
		};
		EFC08A3C23847ADC003DF58D /* Build configuration list for PBXNativeTarget "ClubHub" */ = {
			isa = XCConfigurationList;
			buildConfigurations = (
				EFC08A3D23847ADC003DF58D /* Debug */,
				EFC08A3E23847ADC003DF58D /* Release */,
			);
			defaultConfigurationIsVisible = 0;
			defaultConfigurationName = Release;
		};
		EFC08A3F23847ADC003DF58D /* Build configuration list for PBXNativeTarget "ClubHubTests" */ = {
			isa = XCConfigurationList;
			buildConfigurations = (
				EFC08A4023847ADC003DF58D /* Debug */,
				EFC08A4123847ADC003DF58D /* Release */,
			);
			defaultConfigurationIsVisible = 0;
			defaultConfigurationName = Release;
		};
		EFC08A4223847ADC003DF58D /* Build configuration list for PBXNativeTarget "ClubHubUITests" */ = {
			isa = XCConfigurationList;
			buildConfigurations = (
				EFC08A4323847ADC003DF58D /* Debug */,
				EFC08A4423847ADC003DF58D /* Release */,
			);
			defaultConfigurationIsVisible = 0;
			defaultConfigurationName = Release;
		};
/* End XCConfigurationList section */
	};
	rootObject = EFC08A0A23847ACC003DF58D /* Project object */;
}
